
Microsoft Visual Studio Solution File, Format Version 12.00
# Visual Studio Version 17
VisualStudioVersion = 17.0.31919.166
MinimumVisualStudioVersion = 10.0.40219.1
Project("{FAE04EC0-301F-11D3-BF4B-00C04F79EFBC}") = "FavouriteMenuAjax", "FavouriteMenuAjax\FavouriteMenuAjax.csproj", "{D6A1E849-62D7-40D7-8FD0-07CB20581792}"
EndProject
Global
	GlobalSection(SolutionConfigurationPlatforms) = preSolution
		Debug|Any CPU = Debug|Any CPU
		Release|Any CPU = Release|Any CPU
	EndGlobalSection
	GlobalSection(ProjectConfigurationPlatforms) = postSolution
		{D6A1E849-62D7-40D7-8FD0-07CB20581792}.Debug|Any CPU.ActiveCfg = Debug|Any CPU
		{D6A1E849-62D7-40D7-8FD0-07CB20581792}.Debug|Any CPU.Build.0 = Debug|Any CPU
		{D6A1E849-62D7-40D7-8FD0-07CB20581792}.Release|Any CPU.ActiveCfg = Release|Any CPU
		{D6A1E849-62D7-40D7-8FD0-07CB20581792}.Release|Any CPU.Build.0 = Release|Any CPU
	EndGlobalSection
	GlobalSection(SolutionProperties) = preSolution
		HideSolutionNode = FALSE
	EndGlobalSection
	GlobalSection(ExtensibilityGlobals) = postSolution
		SolutionGuid = {EC156810-3164-436C-9356-80B751F9D02A}
	EndGlobalSection
EndGlobal
